// !$*UTF8*$!
{
	archiveVersion = 1;
	classes = {
	};
	objectVersion = 56;
	objects = {

/* Begin PBXBuildFile section */
		DF4C5BF52ABCBF0C00F10412 /* AppDelegate.swift in Sources */ = {isa = PBXBuildFile; fileRef = DF4C5BF42ABCBF0C00F10412 /* AppDelegate.swift */; };
		DF4C5BF72ABCBF0C00F10412 /* SceneDelegate.swift in Sources */ = {isa = PBXBuildFile; fileRef = DF4C5BF62ABCBF0C00F10412 /* SceneDelegate.swift */; };
		DF4C5BF92ABCBF0C00F10412 /* ViewController.swift in Sources */ = {isa = PBXBuildFile; fileRef = DF4C5BF82ABCBF0C00F10412 /* ViewController.swift */; };
		DF4C5BFC2ABCBF0C00F10412 /* Main.storyboard in Resources */ = {isa = PBXBuildFile; fileRef = DF4C5BFA2ABCBF0C00F10412 /* Main.storyboard */; };
		DF4C5C012ABCBF0D00F10412 /* LaunchScreen.storyboard in Resources */ = {isa = PBXBuildFile; fileRef = DF4C5BFF2ABCBF0D00F10412 /* LaunchScreen.storyboard */; };
		DF4C5C1E2ABCCE4900F10412 /* burnley.mp3 in Resources */ = {isa = PBXBuildFile; fileRef = DF4C5C0A2ABCCE4900F10412 /* burnley.mp3 */; };
		DF4C5C1F2ABCCE4900F10412 /* newcastle.mp3 in Resources */ = {isa = PBXBuildFile; fileRef = DF4C5C0B2ABCCE4900F10412 /* newcastle.mp3 */; };
		DF4C5C202ABCCE4900F10412 /* sheffield.mp3 in Resources */ = {isa = PBXBuildFile; fileRef = DF4C5C0C2ABCCE4900F10412 /* sheffield.mp3 */; };
		DF4C5C212ABCCE4900F10412 /* west_brom.mp3 in Resources */ = {isa = PBXBuildFile; fileRef = DF4C5C0D2ABCCE4900F10412 /* west_brom.mp3 */; };
		DF4C5C222ABCCE4900F10412 /* wolves.mp3 in Resources */ = {isa = PBXBuildFile; fileRef = DF4C5C0E2ABCCE4900F10412 /* wolves.mp3 */; };
		DF4C5C232ABCCE4900F10412 /* aston_villa.mp3 in Resources */ = {isa = PBXBuildFile; fileRef = DF4C5C0F2ABCCE4900F10412 /* aston_villa.mp3 */; };
		DF4C5C242ABCCE4900F10412 /* liverpool.mp3 in Resources */ = {isa = PBXBuildFile; fileRef = DF4C5C102ABCCE4900F10412 /* liverpool.mp3 */; };
		DF4C5C252ABCCE4900F10412 /* fulham.mp3 in Resources */ = {isa = PBXBuildFile; fileRef = DF4C5C112ABCCE4900F10412 /* fulham.mp3 */; };
		DF4C5C262ABCCE4900F10412 /* southampton.mp3 in Resources */ = {isa = PBXBuildFile; fileRef = DF4C5C122ABCCE4900F10412 /* southampton.mp3 */; };
		DF4C5C272ABCCE4900F10412 /* chelsea.mp3 in Resources */ = {isa = PBXBuildFile; fileRef = DF4C5C132ABCCE4900F10412 /* chelsea.mp3 */; };
		DF4C5C282ABCCE4900F10412 /* leeds.mp3 in Resources */ = {isa = PBXBuildFile; fileRef = DF4C5C142ABCCE4900F10412 /* leeds.mp3 */; };
		DF4C5C292ABCCE4900F10412 /* palace.mp3 in Resources */ = {isa = PBXBuildFile; fileRef = DF4C5C152ABCCE4900F10412 /* palace.mp3 */; };
		DF4C5C2A2ABCCE4900F10412 /* tottenham.mp3 in Resources */ = {isa = PBXBuildFile; fileRef = DF4C5C162ABCCE4900F10412 /* tottenham.mp3 */; };
		DF4C5C2B2ABCCE4900F10412 /* brighton.mp3 in Resources */ = {isa = PBXBuildFile; fileRef = DF4C5C172ABCCE4900F10412 /* brighton.mp3 */; };
		DF4C5C2C2ABCCE4900F10412 /* leicester.mp3 in Resources */ = {isa = PBXBuildFile; fileRef = DF4C5C182ABCCE4900F10412 /* leicester.mp3 */; };
		DF4C5C2D2ABCCE4900F10412 /* manchester_city.mp3 in Resources */ = {isa = PBXBuildFile; fileRef = DF4C5C192ABCCE4900F10412 /* manchester_city.mp3 */; };
		DF4C5C2E2ABCCE4900F10412 /* manchester_united.mp3 in Resources */ = {isa = PBXBuildFile; fileRef = DF4C5C1A2ABCCE4900F10412 /* manchester_united.mp3 */; };
		DF4C5C2F2ABCCE4900F10412 /* arsenal.mp3 in Resources */ = {isa = PBXBuildFile; fileRef = DF4C5C1B2ABCCE4900F10412 /* arsenal.mp3 */; };
		DF4C5C302ABCCE4900F10412 /* everton.mp3 in Resources */ = {isa = PBXBuildFile; fileRef = DF4C5C1C2ABCCE4900F10412 /* everton.mp3 */; };
		DF4C5C312ABCCE4900F10412 /* Teams.swift in Sources */ = {isa = PBXBuildFile; fileRef = DF4C5C1D2ABCCE4900F10412 /* Teams.swift */; };
		DF4C5C382ABCD20700F10412 /* ChantsVC.swift in Sources */ = {isa = PBXBuildFile; fileRef = DF4C5C372ABCD20700F10412 /* ChantsVC.swift */; };
		DF8828602AE84BD0002181DA /* AudioManagerViewModel.swift in Sources */ = {isa = PBXBuildFile; fileRef = DF88285F2AE84BD0002181DA /* AudioManagerViewModel.swift */; };
		DF9C290E2AE700CC00372FE6 /* Assets.xcassets in Resources */ = {isa = PBXBuildFile; fileRef = DF9C290D2AE700CC00372FE6 /* Assets.xcassets */; };
		DF9C29112AE702D500372FE6 /* TeamsViewModel.swift in Sources */ = {isa = PBXBuildFile; fileRef = DF9C29102AE702D500372FE6 /* TeamsViewModel.swift */; };
		DF9C29132AE70DDF00372FE6 /* Assets.swift in Sources */ = {isa = PBXBuildFile; fileRef = DF9C29122AE70DDF00372FE6 /* Assets.swift */; };
		DFD16CD72ACC99D20086A83E /* Team.swift in Sources */ = {isa = PBXBuildFile; fileRef = DFD16CD62ACC99D20086A83E /* Team.swift */; };
		DFD16CD92ACC9D130086A83E /* Manager.swift in Sources */ = {isa = PBXBuildFile; fileRef = DFD16CD82ACC9D130086A83E /* Manager.swift */; };
		DFD16CDF2ACCA7B10086A83E /* TeamTableViewCell.swift in Sources */ = {isa = PBXBuildFile; fileRef = DFD16CDE2ACCA7B10086A83E /* TeamTableViewCell.swift */; };
/* End PBXBuildFile section */

/* Begin PBXFileReference section */
		DF4C5BF12ABCBF0C00F10412 /* Football_Chants.app */ = {isa = PBXFileReference; explicitFileType = wrapper.application; includeInIndex = 0; path = Football_Chants.app; sourceTree = BUILT_PRODUCTS_DIR; };
		DF4C5BF42ABCBF0C00F10412 /* AppDelegate.swift */ = {isa = PBXFileReference; lastKnownFileType = sourcecode.swift; path = AppDelegate.swift; sourceTree = "<group>"; };
		DF4C5BF62ABCBF0C00F10412 /* SceneDelegate.swift */ = {isa = PBXFileReference; lastKnownFileType = sourcecode.swift; path = SceneDelegate.swift; sourceTree = "<group>"; };
		DF4C5BF82ABCBF0C00F10412 /* ViewController.swift */ = {isa = PBXFileReference; lastKnownFileType = sourcecode.swift; path = ViewController.swift; sourceTree = "<group>"; };
		DF4C5BFB2ABCBF0C00F10412 /* Base */ = {isa = PBXFileReference; lastKnownFileType = file.storyboard; name = Base; path = Base.lproj/Main.storyboard; sourceTree = "<group>"; };
		DF4C5C002ABCBF0D00F10412 /* Base */ = {isa = PBXFileReference; lastKnownFileType = file.storyboard; name = Base; path = Base.lproj/LaunchScreen.storyboard; sourceTree = "<group>"; };
		DF4C5C022ABCBF0D00F10412 /* Info.plist */ = {isa = PBXFileReference; lastKnownFileType = text.plist.xml; path = Info.plist; sourceTree = "<group>"; };
		DF4C5C0A2ABCCE4900F10412 /* burnley.mp3 */ = {isa = PBXFileReference; lastKnownFileType = audio.mp3; path = burnley.mp3; sourceTree = "<group>"; };
		DF4C5C0B2ABCCE4900F10412 /* newcastle.mp3 */ = {isa = PBXFileReference; lastKnownFileType = audio.mp3; path = newcastle.mp3; sourceTree = "<group>"; };
		DF4C5C0C2ABCCE4900F10412 /* sheffield.mp3 */ = {isa = PBXFileReference; lastKnownFileType = audio.mp3; path = sheffield.mp3; sourceTree = "<group>"; };
		DF4C5C0D2ABCCE4900F10412 /* west_brom.mp3 */ = {isa = PBXFileReference; lastKnownFileType = audio.mp3; path = west_brom.mp3; sourceTree = "<group>"; };
		DF4C5C0E2ABCCE4900F10412 /* wolves.mp3 */ = {isa = PBXFileReference; lastKnownFileType = audio.mp3; path = wolves.mp3; sourceTree = "<group>"; };
		DF4C5C0F2ABCCE4900F10412 /* aston_villa.mp3 */ = {isa = PBXFileReference; lastKnownFileType = audio.mp3; path = aston_villa.mp3; sourceTree = "<group>"; };
		DF4C5C102ABCCE4900F10412 /* liverpool.mp3 */ = {isa = PBXFileReference; lastKnownFileType = audio.mp3; path = liverpool.mp3; sourceTree = "<group>"; };
		DF4C5C112ABCCE4900F10412 /* fulham.mp3 */ = {isa = PBXFileReference; lastKnownFileType = audio.mp3; path = fulham.mp3; sourceTree = "<group>"; };
		DF4C5C122ABCCE4900F10412 /* southampton.mp3 */ = {isa = PBXFileReference; lastKnownFileType = audio.mp3; path = southampton.mp3; sourceTree = "<group>"; };
		DF4C5C132ABCCE4900F10412 /* chelsea.mp3 */ = {isa = PBXFileReference; lastKnownFileType = audio.mp3; path = chelsea.mp3; sourceTree = "<group>"; };
		DF4C5C142ABCCE4900F10412 /* leeds.mp3 */ = {isa = PBXFileReference; lastKnownFileType = audio.mp3; path = leeds.mp3; sourceTree = "<group>"; };
		DF4C5C152ABCCE4900F10412 /* palace.mp3 */ = {isa = PBXFileReference; lastKnownFileType = audio.mp3; path = palace.mp3; sourceTree = "<group>"; };
		DF4C5C162ABCCE4900F10412 /* tottenham.mp3 */ = {isa = PBXFileReference; lastKnownFileType = audio.mp3; path = tottenham.mp3; sourceTree = "<group>"; };
		DF4C5C172ABCCE4900F10412 /* brighton.mp3 */ = {isa = PBXFileReference; lastKnownFileType = audio.mp3; path = brighton.mp3; sourceTree = "<group>"; };
		DF4C5C182ABCCE4900F10412 /* leicester.mp3 */ = {isa = PBXFileReference; lastKnownFileType = audio.mp3; path = leicester.mp3; sourceTree = "<group>"; };
		DF4C5C192ABCCE4900F10412 /* manchester_city.mp3 */ = {isa = PBXFileReference; lastKnownFileType = audio.mp3; path = manchester_city.mp3; sourceTree = "<group>"; };
		DF4C5C1A2ABCCE4900F10412 /* manchester_united.mp3 */ = {isa = PBXFileReference; lastKnownFileType = audio.mp3; path = manchester_united.mp3; sourceTree = "<group>"; };
		DF4C5C1B2ABCCE4900F10412 /* arsenal.mp3 */ = {isa = PBXFileReference; lastKnownFileType = audio.mp3; path = arsenal.mp3; sourceTree = "<group>"; };
		DF4C5C1C2ABCCE4900F10412 /* everton.mp3 */ = {isa = PBXFileReference; lastKnownFileType = audio.mp3; path = everton.mp3; sourceTree = "<group>"; };
		DF4C5C1D2ABCCE4900F10412 /* Teams.swift */ = {isa = PBXFileReference; fileEncoding = 4; lastKnownFileType = sourcecode.swift; path = Teams.swift; sourceTree = "<group>"; };
		DF4C5C372ABCD20700F10412 /* ChantsVC.swift */ = {isa = PBXFileReference; lastKnownFileType = sourcecode.swift; path = ChantsVC.swift; sourceTree = "<group>"; };
		DF88285F2AE84BD0002181DA /* AudioManagerViewModel.swift */ = {isa = PBXFileReference; lastKnownFileType = sourcecode.swift; path = AudioManagerViewModel.swift; sourceTree = "<group>"; };
		DF9C290D2AE700CC00372FE6 /* Assets.xcassets */ = {isa = PBXFileReference; lastKnownFileType = folder.assetcatalog; path = Assets.xcassets; sourceTree = "<group>"; };
		DF9C29102AE702D500372FE6 /* TeamsViewModel.swift */ = {isa = PBXFileReference; fileEncoding = 4; lastKnownFileType = sourcecode.swift; path = TeamsViewModel.swift; sourceTree = "<group>"; };
		DF9C29122AE70DDF00372FE6 /* Assets.swift */ = {isa = PBXFileReference; lastKnownFileType = sourcecode.swift; path = Assets.swift; sourceTree = "<group>"; };
		DFD16CD62ACC99D20086A83E /* Team.swift */ = {isa = PBXFileReference; lastKnownFileType = sourcecode.swift; path = Team.swift; sourceTree = "<group>"; };
		DFD16CD82ACC9D130086A83E /* Manager.swift */ = {isa = PBXFileReference; lastKnownFileType = sourcecode.swift; path = Manager.swift; sourceTree = "<group>"; };
		DFD16CDE2ACCA7B10086A83E /* TeamTableViewCell.swift */ = {isa = PBXFileReference; lastKnownFileType = sourcecode.swift; path = TeamTableViewCell.swift; sourceTree = "<group>"; };
/* End PBXFileReference section */

/* Begin PBXFrameworksBuildPhase section */
		DF4C5BEE2ABCBF0C00F10412 /* Frameworks */ = {
			isa = PBXFrameworksBuildPhase;
			buildActionMask = 2147483647;
			files = (
			);
			runOnlyForDeploymentPostprocessing = 0;
		};
/* End PBXFrameworksBuildPhase section */

/* Begin PBXGroup section */
		DF4C5BE82ABCBF0C00F10412 = {
			isa = PBXGroup;
			children = (
				DF4C5BF32ABCBF0C00F10412 /* Football_Chants */,
				DF4C5BF22ABCBF0C00F10412 /* Products */,
			);
			sourceTree = "<group>";
		};
		DF4C5BF22ABCBF0C00F10412 /* Products */ = {
			isa = PBXGroup;
			children = (
				DF4C5BF12ABCBF0C00F10412 /* Football_Chants.app */,
			);
			name = Products;
			sourceTree = "<group>";
		};
		DF4C5BF32ABCBF0C00F10412 /* Football_Chants */ = {
			isa = PBXGroup;
			children = (
				DF9C290F2AE702D500372FE6 /* ViewModel */,
				DF4C5C362ABCD1CF00F10412 /* ViewControllers */,
				DFD16CDD2ACCA7870086A83E /* Views */,
				DFD16CD52ACC99C00086A83E /* Model */,
				DF4C5C082ABCCE4900F10412 /* Resources */,
				DF4C5BF42ABCBF0C00F10412 /* AppDelegate.swift */,
				DF4C5BF62ABCBF0C00F10412 /* SceneDelegate.swift */,
				DF9C290D2AE700CC00372FE6 /* Assets.xcassets */,
				DF4C5BF82ABCBF0C00F10412 /* ViewController.swift */,
				DF4C5BFA2ABCBF0C00F10412 /* Main.storyboard */,
				DF4C5BFF2ABCBF0D00F10412 /* LaunchScreen.storyboard */,
				DF4C5C022ABCBF0D00F10412 /* Info.plist */,
			);
			path = Football_Chants;
			sourceTree = "<group>";
		};
		DF4C5C082ABCCE4900F10412 /* Resources */ = {
			isa = PBXGroup;
			children = (
				DF4C5C092ABCCE4900F10412 /* Chants */,
				DF4C5C1D2ABCCE4900F10412 /* Teams.swift */,
				DF9C29122AE70DDF00372FE6 /* Assets.swift */,
			);
			path = Resources;
			sourceTree = "<group>";
		};
		DF4C5C092ABCCE4900F10412 /* Chants */ = {
			isa = PBXGroup;
			children = (
				DF4C5C0A2ABCCE4900F10412 /* burnley.mp3 */,
				DF4C5C0B2ABCCE4900F10412 /* newcastle.mp3 */,
				DF4C5C0C2ABCCE4900F10412 /* sheffield.mp3 */,
				DF4C5C0D2ABCCE4900F10412 /* west_brom.mp3 */,
				DF4C5C0E2ABCCE4900F10412 /* wolves.mp3 */,
				DF4C5C0F2ABCCE4900F10412 /* aston_villa.mp3 */,
				DF4C5C102ABCCE4900F10412 /* liverpool.mp3 */,
				DF4C5C112ABCCE4900F10412 /* fulham.mp3 */,
				DF4C5C122ABCCE4900F10412 /* southampton.mp3 */,
				DF4C5C132ABCCE4900F10412 /* chelsea.mp3 */,
				DF4C5C142ABCCE4900F10412 /* leeds.mp3 */,
				DF4C5C152ABCCE4900F10412 /* palace.mp3 */,
				DF4C5C162ABCCE4900F10412 /* tottenham.mp3 */,
				DF4C5C172ABCCE4900F10412 /* brighton.mp3 */,
				DF4C5C182ABCCE4900F10412 /* leicester.mp3 */,
				DF4C5C192ABCCE4900F10412 /* manchester_city.mp3 */,
				DF4C5C1A2ABCCE4900F10412 /* manchester_united.mp3 */,
				DF4C5C1B2ABCCE4900F10412 /* arsenal.mp3 */,
				DF4C5C1C2ABCCE4900F10412 /* everton.mp3 */,
			);
			path = Chants;
			sourceTree = "<group>";
		};
		DF4C5C362ABCD1CF00F10412 /* ViewControllers */ = {
			isa = PBXGroup;
			children = (
				DF4C5C372ABCD20700F10412 /* ChantsVC.swift */,
			);
			path = ViewControllers;
			sourceTree = "<group>";
		};
		DF9C290F2AE702D500372FE6 /* ViewModel */ = {
			isa = PBXGroup;
			children = (
				DF9C29102AE702D500372FE6 /* TeamsViewModel.swift */,
				DF88285F2AE84BD0002181DA /* AudioManagerViewModel.swift */,
			);
			path = ViewModel;
			sourceTree = "<group>";
		};
		DFD16CD52ACC99C00086A83E /* Model */ = {
			isa = PBXGroup;
			children = (
				DFD16CD62ACC99D20086A83E /* Team.swift */,
				DFD16CD82ACC9D130086A83E /* Manager.swift */,
			);
			path = Model;
			sourceTree = "<group>";
		};
		DFD16CDD2ACCA7870086A83E /* Views */ = {
			isa = PBXGroup;
			children = (
				DFD16CDE2ACCA7B10086A83E /* TeamTableViewCell.swift */,
			);
			path = Views;
			sourceTree = "<group>";
		};
/* End PBXGroup section */

/* Begin PBXNativeTarget section */
		DF4C5BF02ABCBF0C00F10412 /* Football_Chants */ = {
			isa = PBXNativeTarget;
			buildConfigurationList = DF4C5C052ABCBF0D00F10412 /* Build configuration list for PBXNativeTarget "Football_Chants" */;
			buildPhases = (
				DF4C5BED2ABCBF0C00F10412 /* Sources */,
				DF4C5BEE2ABCBF0C00F10412 /* Frameworks */,
				DF4C5BEF2ABCBF0C00F10412 /* Resources */,
			);
			buildRules = (
			);
			dependencies = (
			);
			name = Football_Chants;
			productName = Football_Chants;
			productReference = DF4C5BF12ABCBF0C00F10412 /* Football_Chants.app */;
			productType = "com.apple.product-type.application";
		};
/* End PBXNativeTarget section */

/* Begin PBXProject section */
		DF4C5BE92ABCBF0C00F10412 /* Project object */ = {
			isa = PBXProject;
			attributes = {
				BuildIndependentTargetsInParallel = 1;
				LastSwiftUpdateCheck = 1420;
				LastUpgradeCheck = 1420;
				TargetAttributes = {
					DF4C5BF02ABCBF0C00F10412 = {
						CreatedOnToolsVersion = 14.2;
					};
				};
			};
			buildConfigurationList = DF4C5BEC2ABCBF0C00F10412 /* Build configuration list for PBXProject "Football_Chants" */;
			compatibilityVersion = "Xcode 14.0";
			developmentRegion = en;
			hasScannedForEncodings = 0;
			knownRegions = (
				en,
				Base,
			);
			mainGroup = DF4C5BE82ABCBF0C00F10412;
			productRefGroup = DF4C5BF22ABCBF0C00F10412 /* Products */;
			projectDirPath = "";
			projectRoot = "";
			targets = (
				DF4C5BF02ABCBF0C00F10412 /* Football_Chants */,
			);
		};
/* End PBXProject section */

/* Begin PBXResourcesBuildPhase section */
		DF4C5BEF2ABCBF0C00F10412 /* Resources */ = {
			isa = PBXResourcesBuildPhase;
			buildActionMask = 2147483647;
			files = (
				DF4C5C292ABCCE4900F10412 /* palace.mp3 in Resources */,
				DF4C5C252ABCCE4900F10412 /* fulham.mp3 in Resources */,
				DF9C290E2AE700CC00372FE6 /* Assets.xcassets in Resources */,
				DF4C5C272ABCCE4900F10412 /* chelsea.mp3 in Resources */,
				DF4C5C222ABCCE4900F10412 /* wolves.mp3 in Resources */,
				DF4C5C302ABCCE4900F10412 /* everton.mp3 in Resources */,
				DF4C5C012ABCBF0D00F10412 /* LaunchScreen.storyboard in Resources */,
				DF4C5C262ABCCE4900F10412 /* southampton.mp3 in Resources */,
				DF4C5C232ABCCE4900F10412 /* aston_villa.mp3 in Resources */,
				DF4C5C2C2ABCCE4900F10412 /* leicester.mp3 in Resources */,
				DF4C5C1F2ABCCE4900F10412 /* newcastle.mp3 in Resources */,
				DF4C5C2E2ABCCE4900F10412 /* manchester_united.mp3 in Resources */,
				DF4C5C212ABCCE4900F10412 /* west_brom.mp3 in Resources */,
				DF4C5C202ABCCE4900F10412 /* sheffield.mp3 in Resources */,
				DF4C5C1E2ABCCE4900F10412 /* burnley.mp3 in Resources */,
				DF4C5BFC2ABCBF0C00F10412 /* Main.storyboard in Resources */,
				DF4C5C282ABCCE4900F10412 /* leeds.mp3 in Resources */,
				DF4C5C242ABCCE4900F10412 /* liverpool.mp3 in Resources */,
				DF4C5C2A2ABCCE4900F10412 /* tottenham.mp3 in Resources */,
				DF4C5C2B2ABCCE4900F10412 /* brighton.mp3 in Resources */,
				DF4C5C2F2ABCCE4900F10412 /* arsenal.mp3 in Resources */,
				DF4C5C2D2ABCCE4900F10412 /* manchester_city.mp3 in Resources */,
			);
			runOnlyForDeploymentPostprocessing = 0;
		};
/* End PBXResourcesBuildPhase section */

/* Begin PBXSourcesBuildPhase section */
		DF4C5BED2ABCBF0C00F10412 /* Sources */ = {
			isa = PBXSourcesBuildPhase;
			buildActionMask = 2147483647;
			files = (
				DFD16CD72ACC99D20086A83E /* Team.swift in Sources */,
				DF4C5C312ABCCE4900F10412 /* Teams.swift in Sources */,
				DF4C5BF92ABCBF0C00F10412 /* ViewController.swift in Sources */,
				DF4C5BF52ABCBF0C00F10412 /* AppDelegate.swift in Sources */,
				DFD16CD92ACC9D130086A83E /* Manager.swift in Sources */,
				DF4C5C382ABCD20700F10412 /* ChantsVC.swift in Sources */,
				DF8828602AE84BD0002181DA /* AudioManagerViewModel.swift in Sources */,
				DFD16CDF2ACCA7B10086A83E /* TeamTableViewCell.swift in Sources */,
				DF4C5BF72ABCBF0C00F10412 /* SceneDelegate.swift in Sources */,
				DF9C29132AE70DDF00372FE6 /* Assets.swift in Sources */,
				DF9C29112AE702D500372FE6 /* TeamsViewModel.swift in Sources */,
			);
			runOnlyForDeploymentPostprocessing = 0;
		};
/* End PBXSourcesBuildPhase section */

/* Begin PBXVariantGroup section */
		DF4C5BFA2ABCBF0C00F10412 /* Main.storyboard */ = {
			isa = PBXVariantGroup;
			children = (
				DF4C5BFB2ABCBF0C00F10412 /* Base */,
			);
			name = Main.storyboard;
			sourceTree = "<group>";
		};
		DF4C5BFF2ABCBF0D00F10412 /* LaunchScreen.storyboard */ = {
			isa = PBXVariantGroup;
			children = (
				DF4C5C002ABCBF0D00F10412 /* Base */,
			);
			name = LaunchScreen.storyboard;
			sourceTree = "<group>";
		};
/* End PBXVariantGroup section */

/* Begin XCBuildConfiguration section */
		DF4C5C032ABCBF0D00F10412 /* Debug */ = {
			isa = XCBuildConfiguration;
			buildSettings = {
				ALWAYS_SEARCH_USER_PATHS = NO;
				CLANG_ANALYZER_NONNULL = YES;
				CLANG_ANALYZER_NUMBER_OBJECT_CONVERSION = YES_AGGRESSIVE;
				CLANG_CXX_LANGUAGE_STANDARD = "gnu++20";
				CLANG_ENABLE_MODULES = YES;
				CLANG_ENABLE_OBJC_ARC = YES;
				CLANG_ENABLE_OBJC_WEAK = YES;
				CLANG_WARN_BLOCK_CAPTURE_AUTORELEASING = YES;
				CLANG_WARN_BOOL_CONVERSION = YES;
				CLANG_WARN_COMMA = YES;
				CLANG_WARN_CONSTANT_CONVERSION = YES;
				CLANG_WARN_DEPRECATED_OBJC_IMPLEMENTATIONS = YES;
				CLANG_WARN_DIRECT_OBJC_ISA_USAGE = YES_ERROR;
				CLANG_WARN_DOCUMENTATION_COMMENTS = YES;
				CLANG_WARN_EMPTY_BODY = YES;
				CLANG_WARN_ENUM_CONVERSION = YES;
				CLANG_WARN_INFINITE_RECURSION = YES;
				CLANG_WARN_INT_CONVERSION = YES;
				CLANG_WARN_NON_LITERAL_NULL_CONVERSION = YES;
				CLANG_WARN_OBJC_IMPLICIT_RETAIN_SELF = YES;
				CLANG_WARN_OBJC_LITERAL_CONVERSION = YES;
				CLANG_WARN_OBJC_ROOT_CLASS = YES_ERROR;
				CLANG_WARN_QUOTED_INCLUDE_IN_FRAMEWORK_HEADER = YES;
				CLANG_WARN_RANGE_LOOP_ANALYSIS = YES;
				CLANG_WARN_STRICT_PROTOTYPES = YES;
				CLANG_WARN_SUSPICIOUS_MOVE = YES;
				CLANG_WARN_UNGUARDED_AVAILABILITY = YES_AGGRESSIVE;
				CLANG_WARN_UNREACHABLE_CODE = YES;
				CLANG_WARN__DUPLICATE_METHOD_MATCH = YES;
				COPY_PHASE_STRIP = NO;
				DEBUG_INFORMATION_FORMAT = dwarf;
				ENABLE_STRICT_OBJC_MSGSEND = YES;
				ENABLE_TESTABILITY = YES;
				GCC_C_LANGUAGE_STANDARD = gnu11;
				GCC_DYNAMIC_NO_PIC = NO;
				GCC_NO_COMMON_BLOCKS = YES;
				GCC_OPTIMIZATION_LEVEL = 0;
				GCC_PREPROCESSOR_DEFINITIONS = (
					"DEBUG=1",
					"$(inherited)",
				);
				GCC_WARN_64_TO_32_BIT_CONVERSION = YES;
				GCC_WARN_ABOUT_RETURN_TYPE = YES_ERROR;
				GCC_WARN_UNDECLARED_SELECTOR = YES;
				GCC_WARN_UNINITIALIZED_AUTOS = YES_AGGRESSIVE;
				GCC_WARN_UNUSED_FUNCTION = YES;
				GCC_WARN_UNUSED_VARIABLE = YES;
				IPHONEOS_DEPLOYMENT_TARGET = 16.2;
				MTL_ENABLE_DEBUG_INFO = INCLUDE_SOURCE;
				MTL_FAST_MATH = YES;
				ONLY_ACTIVE_ARCH = YES;
				SDKROOT = iphoneos;
				SWIFT_ACTIVE_COMPILATION_CONDITIONS = DEBUG;
				SWIFT_OPTIMIZATION_LEVEL = "-Onone";
			};
			name = Debug;
		};
		DF4C5C042ABCBF0D00F10412 /* Release */ = {
			isa = XCBuildConfiguration;
			buildSettings = {
				ALWAYS_SEARCH_USER_PATHS = NO;
				CLANG_ANALYZER_NONNULL = YES;
				CLANG_ANALYZER_NUMBER_OBJECT_CONVERSION = YES_AGGRESSIVE;
				CLANG_CXX_LANGUAGE_STANDARD = "gnu++20";
				CLANG_ENABLE_MODULES = YES;
				CLANG_ENABLE_OBJC_ARC = YES;
				CLANG_ENABLE_OBJC_WEAK = YES;
				CLANG_WARN_BLOCK_CAPTURE_AUTORELEASING = YES;
				CLANG_WARN_BOOL_CONVERSION = YES;
				CLANG_WARN_COMMA = YES;
				CLANG_WARN_CONSTANT_CONVERSION = YES;
				CLANG_WARN_DEPRECATED_OBJC_IMPLEMENTATIONS = YES;
				CLANG_WARN_DIRECT_OBJC_ISA_USAGE = YES_ERROR;
				CLANG_WARN_DOCUMENTATION_COMMENTS = YES;
				CLANG_WARN_EMPTY_BODY = YES;
				CLANG_WARN_ENUM_CONVERSION = YES;
				CLANG_WARN_INFINITE_RECURSION = YES;
				CLANG_WARN_INT_CONVERSION = YES;
				CLANG_WARN_NON_LITERAL_NULL_CONVERSION = YES;
				CLANG_WARN_OBJC_IMPLICIT_RETAIN_SELF = YES;
				CLANG_WARN_OBJC_LITERAL_CONVERSION = YES;
				CLANG_WARN_OBJC_ROOT_CLASS = YES_ERROR;
				CLANG_WARN_QUOTED_INCLUDE_IN_FRAMEWORK_HEADER = YES;
				CLANG_WARN_RANGE_LOOP_ANALYSIS = YES;
				CLANG_WARN_STRICT_PROTOTYPES = YES;
				CLANG_WARN_SUSPICIOUS_MOVE = YES;
				CLANG_WARN_UNGUARDED_AVAILABILITY = YES_AGGRESSIVE;
				CLANG_WARN_UNREACHABLE_CODE = YES;
				CLANG_WARN__DUPLICATE_METHOD_MATCH = YES;
				COPY_PHASE_STRIP = NO;
				DEBUG_INFORMATION_FORMAT = "dwarf-with-dsym";
				ENABLE_NS_ASSERTIONS = NO;
				ENABLE_STRICT_OBJC_MSGSEND = YES;
				GCC_C_LANGUAGE_STANDARD = gnu11;
				GCC_NO_COMMON_BLOCKS = YES;
				GCC_WARN_64_TO_32_BIT_CONVERSION = YES;
				GCC_WARN_ABOUT_RETURN_TYPE = YES_ERROR;
				GCC_WARN_UNDECLARED_SELECTOR = YES;
				GCC_WARN_UNINITIALIZED_AUTOS = YES_AGGRESSIVE;
				GCC_WARN_UNUSED_FUNCTION = YES;
				GCC_WARN_UNUSED_VARIABLE = YES;
				IPHONEOS_DEPLOYMENT_TARGET = 16.2;
				MTL_ENABLE_DEBUG_INFO = NO;
				MTL_FAST_MATH = YES;
				SDKROOT = iphoneos;
				SWIFT_COMPILATION_MODE = wholemodule;
				SWIFT_OPTIMIZATION_LEVEL = "-O";
				VALIDATE_PRODUCT = YES;
			};
			name = Release;
		};
		DF4C5C062ABCBF0D00F10412 /* Debug */ = {
			isa = XCBuildConfiguration;
			buildSettings = {
				ASSETCATALOG_COMPILER_APPICON_NAME = AppIcon;
				ASSETCATALOG_COMPILER_GLOBAL_ACCENT_COLOR_NAME = AccentColor;
				CODE_SIGN_STYLE = Automatic;
				CURRENT_PROJECT_VERSION = 1;
				DEVELOPMENT_TEAM = 77X3J93L6B;
				GENERATE_INFOPLIST_FILE = YES;
				INFOPLIST_FILE = Football_Chants/Info.plist;
				INFOPLIST_KEY_UIApplicationSupportsIndirectInputEvents = YES;
				INFOPLIST_KEY_UILaunchStoryboardName = LaunchScreen;
				INFOPLIST_KEY_UIMainStoryboardFile = Main;
				INFOPLIST_KEY_UISupportedInterfaceOrientations_iPad = "UIInterfaceOrientationPortrait UIInterfaceOrientationPortraitUpsideDown UIInterfaceOrientationLandscapeLeft UIInterfaceOrientationLandscapeRight";
				INFOPLIST_KEY_UISupportedInterfaceOrientations_iPhone = "UIInterfaceOrientationPortrait UIInterfaceOrientationLandscapeLeft UIInterfaceOrientationLandscapeRight";
				LD_RUNPATH_SEARCH_PATHS = (
					"$(inherited)",
					"@executable_path/Frameworks",
				);
				MARKETING_VERSION = 1.0;
				PRODUCT_BUNDLE_IDENTIFIER = "tajwar.Football-Chants";
				PRODUCT_NAME = "$(TARGET_NAME)";
				SWIFT_EMIT_LOC_STRINGS = YES;
				SWIFT_VERSION = 5.0;
				TARGETED_DEVICE_FAMILY = "1,2";
			};
			name = Debug;
		};
		DF4C5C072ABCBF0D00F10412 /* Release */ = {
			isa = XCBuildConfiguration;
			buildSettings = {
				ASSETCATALOG_COMPILER_APPICON_NAME = AppIcon;
				ASSETCATALOG_COMPILER_GLOBAL_ACCENT_COLOR_NAME = AccentColor;
				CODE_SIGN_STYLE = Automatic;
				CURRENT_PROJECT_VERSION = 1;
				DEVELOPMENT_TEAM = 77X3J93L6B;
				GENERATE_INFOPLIST_FILE = YES;
				INFOPLIST_FILE = Football_Chants/Info.plist;
				INFOPLIST_KEY_UIApplicationSupportsIndirectInputEvents = YES;
				INFOPLIST_KEY_UILaunchStoryboardName = LaunchScreen;
				INFOPLIST_KEY_UIMainStoryboardFile = Main;
				INFOPLIST_KEY_UISupportedInterfaceOrientations_iPad = "UIInterfaceOrientationPortrait UIInterfaceOrientationPortraitUpsideDown UIInterfaceOrientationLandscapeLeft UIInterfaceOrientationLandscapeRight";
				INFOPLIST_KEY_UISupportedInterfaceOrientations_iPhone = "UIInterfaceOrientationPortrait UIInterfaceOrientationLandscapeLeft UIInterfaceOrientationLandscapeRight";
				LD_RUNPATH_SEARCH_PATHS = (
					"$(inherited)",
					"@executable_path/Frameworks",
				);
				MARKETING_VERSION = 1.0;
				PRODUCT_BUNDLE_IDENTIFIER = "tajwar.Football-Chants";
				PRODUCT_NAME = "$(TARGET_NAME)";
				SWIFT_EMIT_LOC_STRINGS = YES;
				SWIFT_VERSION = 5.0;
				TARGETED_DEVICE_FAMILY = "1,2";
			};
			name = Release;
		};
/* End XCBuildConfiguration section */

/* Begin XCConfigurationList section */
		DF4C5BEC2ABCBF0C00F10412 /* Build configuration list for PBXProject "Football_Chants" */ = {
			isa = XCConfigurationList;
			buildConfigurations = (
				DF4C5C032ABCBF0D00F10412 /* Debug */,
				DF4C5C042ABCBF0D00F10412 /* Release */,
			);
			defaultConfigurationIsVisible = 0;
			defaultConfigurationName = Release;
		};
		DF4C5C052ABCBF0D00F10412 /* Build configuration list for PBXNativeTarget "Football_Chants" */ = {
			isa = XCConfigurationList;
			buildConfigurations = (
				DF4C5C062ABCBF0D00F10412 /* Debug */,
				DF4C5C072ABCBF0D00F10412 /* Release */,
			);
			defaultConfigurationIsVisible = 0;
			defaultConfigurationName = Release;
		};
/* End XCConfigurationList section */
	};
	rootObject = DF4C5BE92ABCBF0C00F10412 /* Project object */;
}
